
Microsoft Visual Studio Solution File, Format Version 12.00
# Visual Studio Version 17
VisualStudioVersion = 17.6.33801.468
MinimumVisualStudioVersion = 10.0.40219.1
Project("{9A19103F-16F7-4668-BE54-9A1E7A4F7556}") = "Server", "Server\Server.csproj", "{722E6E77-D2F4-4E4B-8DEE-1779DCA41E70}"
EndProject
Project("{2150E333-8FDC-42A3-9474-1A3956D46DE8}") = "Solution Items", "Solution Items", "{3EF3255E-F84C-47A4-B27A-B84B1CC2731C}"
	ProjectSection(SolutionItems) = preProject
		.editorconfig = .editorconfig
		.gitignore = .gitignore
		readme.md = readme.md
	EndProjectSection
EndProject
Project("{9A19103F-16F7-4668-BE54-9A1E7A4F7556}") = "RPBlazorPluginManager", "RPBlazorPluginManager\RPBlazorPluginManager.csproj", "{D770DABD-9ED0-4F14-9B8F-BBA60F36A669}"
EndProject
Project("{9A19103F-16F7-4668-BE54-9A1E7A4F7556}") = "StandAloneService", "StandAloneService\StandAloneService.csproj", "{0ED5EA94-9739-4A18-85AE-55471BBB11D5}"
EndProject
Project("{9A19103F-16F7-4668-BE54-9A1E7A4F7556}") = "Shared", "Shared\Shared.csproj", "{0B7A33FB-2BC1-4A44-AC1C-BEE863D52784}"
EndProject
Global
	GlobalSection(SolutionConfigurationPlatforms) = preSolution
		Debug|Any CPU = Debug|Any CPU
		Release|Any CPU = Release|Any CPU
	EndGlobalSection
	GlobalSection(ProjectConfigurationPlatforms) = postSolution
		{722E6E77-D2F4-4E4B-8DEE-1779DCA41E70}.Debug|Any CPU.ActiveCfg = Debug|Any CPU
		{722E6E77-D2F4-4E4B-8DEE-1779DCA41E70}.Debug|Any CPU.Build.0 = Debug|Any CPU
		{722E6E77-D2F4-4E4B-8DEE-1779DCA41E70}.Release|Any CPU.ActiveCfg = Release|Any CPU
		{722E6E77-D2F4-4E4B-8DEE-1779DCA41E70}.Release|Any CPU.Build.0 = Release|Any CPU
		{D770DABD-9ED0-4F14-9B8F-BBA60F36A669}.Debug|Any CPU.ActiveCfg = Debug|Any CPU
		{D770DABD-9ED0-4F14-9B8F-BBA60F36A669}.Debug|Any CPU.Build.0 = Debug|Any CPU
		{D770DABD-9ED0-4F14-9B8F-BBA60F36A669}.Release|Any CPU.ActiveCfg = Release|Any CPU
		{D770DABD-9ED0-4F14-9B8F-BBA60F36A669}.Release|Any CPU.Build.0 = Release|Any CPU
		{0ED5EA94-9739-4A18-85AE-55471BBB11D5}.Debug|Any CPU.ActiveCfg = Debug|Any CPU
		{0ED5EA94-9739-4A18-85AE-55471BBB11D5}.Debug|Any CPU.Build.0 = Debug|Any CPU
		{0ED5EA94-9739-4A18-85AE-55471BBB11D5}.Release|Any CPU.ActiveCfg = Release|Any CPU
		{0ED5EA94-9739-4A18-85AE-55471BBB11D5}.Release|Any CPU.Build.0 = Release|Any CPU
		{0B7A33FB-2BC1-4A44-AC1C-BEE863D52784}.Debug|Any CPU.ActiveCfg = Debug|Any CPU
		{0B7A33FB-2BC1-4A44-AC1C-BEE863D52784}.Debug|Any CPU.Build.0 = Debug|Any CPU
		{0B7A33FB-2BC1-4A44-AC1C-BEE863D52784}.Release|Any CPU.ActiveCfg = Release|Any CPU
		{0B7A33FB-2BC1-4A44-AC1C-BEE863D52784}.Release|Any CPU.Build.0 = Release|Any CPU
	EndGlobalSection
	GlobalSection(SolutionProperties) = preSolution
		HideSolutionNode = FALSE
	EndGlobalSection
	GlobalSection(ExtensibilityGlobals) = postSolution
		SolutionGuid = {8D6CAF54-A9FC-4448-9996-541F489B7118}
	EndGlobalSection
EndGlobal
